<Solution>
  <Folder Name="/src/">
    <Project Path="src/ChefNear.API/ChefNear.API.csproj" />
    <Project Path="src/ChefNear.Application/ChefNear.Application.csproj" />
    <Project Path="src/ChefNear.Domain/ChefNear.Domain.csproj" />
    <Project Path="src/ChefNear.Infrastructure/ChefNear.Infrastructure.csproj" />
    <Project Path="src/ChefNear.Shared/ChefNear.Shared.csproj" />
  </Folder>
  <Folder Name="/tests/" />
</Solution>
